
Microsoft Visual Studio Solution File, Format Version 12.00
# Visual Studio Version 17
VisualStudioVersion = 17.14.36518.9
MinimumVisualStudioVersion = 10.0.40219.1
Project("{FAE04EC0-301F-11D3-BF4B-00C04F79EFBC}") = "VehicleManagementApp", "VehicleManagementApp\VehicleManagementApp.csproj", "{F07235A6-7B0C-4C36-A5A8-8184A88685DD}"
EndProject
Global
	GlobalSection(SolutionConfigurationPlatforms) = preSolution
		Debug|Any CPU = Debug|Any CPU
		Release|Any CPU = Release|Any CPU
	EndGlobalSection
	GlobalSection(ProjectConfigurationPlatforms) = postSolution
		{F07235A6-7B0C-4C36-A5A8-8184A88685DD}.Debug|Any CPU.ActiveCfg = Debug|Any CPU
		{F07235A6-7B0C-4C36-A5A8-8184A88685DD}.Debug|Any CPU.Build.0 = Debug|Any CPU
		{F07235A6-7B0C-4C36-A5A8-8184A88685DD}.Release|Any CPU.ActiveCfg = Release|Any CPU
		{F07235A6-7B0C-4C36-A5A8-8184A88685DD}.Release|Any CPU.Build.0 = Release|Any CPU
	EndGlobalSection
	GlobalSection(SolutionProperties) = preSolution
		HideSolutionNode = FALSE
	EndGlobalSection
	GlobalSection(ExtensibilityGlobals) = postSolution
		SolutionGuid = {F0665A3D-11D5-4758-AD51-C2DBE781260A}
	EndGlobalSection
EndGlobal
