
Microsoft Visual Studio Solution File, Format Version 12.00
# Visual Studio Version 17
VisualStudioVersion = 17.14.36518.9
MinimumVisualStudioVersion = 10.0.40219.1
Project("{FAE04EC0-301F-11D3-BF4B-00C04F79EFBC}") = "VehicleManagement", "VehicleManagement\VehicleManagement.csproj", "{F882064B-56F4-C26C-8424-82FEC4C13A49}"
EndProject
Global
	GlobalSection(SolutionConfigurationPlatforms) = preSolution
		Debug|Any CPU = Debug|Any CPU
		Release|Any CPU = Release|Any CPU
	EndGlobalSection
	GlobalSection(ProjectConfigurationPlatforms) = postSolution
		{F882064B-56F4-C26C-8424-82FEC4C13A49}.Debug|Any CPU.ActiveCfg = Debug|Any CPU
		{F882064B-56F4-C26C-8424-82FEC4C13A49}.Debug|Any CPU.Build.0 = Debug|Any CPU
		{F882064B-56F4-C26C-8424-82FEC4C13A49}.Release|Any CPU.ActiveCfg = Release|Any CPU
		{F882064B-56F4-C26C-8424-82FEC4C13A49}.Release|Any CPU.Build.0 = Release|Any CPU
	EndGlobalSection
	GlobalSection(SolutionProperties) = preSolution
		HideSolutionNode = FALSE
	EndGlobalSection
	GlobalSection(ExtensibilityGlobals) = postSolution
		SolutionGuid = {F0665A3D-11D5-4758-AD51-C2DBE781260A}
	EndGlobalSection
EndGlobal
